// !$*UTF8*$!
{
	archiveVersion = 1;
	classes = {
	};
	objectVersion = 50;
	objects = {

/* Begin PBXBuildFile section */
		20D93D65250163B300365CB3 /* AppDelegate.swift in Sources */ = {isa = PBXBuildFile; fileRef = 20D93D64250163B300365CB3 /* AppDelegate.swift */; };
		20D93D67250163B300365CB3 /* SceneDelegate.swift in Sources */ = {isa = PBXBuildFile; fileRef = 20D93D66250163B300365CB3 /* SceneDelegate.swift */; };
		20D93D6A250163B300365CB3 /* fireBasetoDo.xcdatamodeld in Sources */ = {isa = PBXBuildFile; fileRef = 20D93D68250163B300365CB3 /* fireBasetoDo.xcdatamodeld */; };
		20D93D6C250163B300365CB3 /* ContentView.swift in Sources */ = {isa = PBXBuildFile; fileRef = 20D93D6B250163B300365CB3 /* ContentView.swift */; };
		20D93D6E250163B700365CB3 /* Assets.xcassets in Resources */ = {isa = PBXBuildFile; fileRef = 20D93D6D250163B700365CB3 /* Assets.xcassets */; };
		20D93D71250163B700365CB3 /* Preview Assets.xcassets in Resources */ = {isa = PBXBuildFile; fileRef = 20D93D70250163B700365CB3 /* Preview Assets.xcassets */; };
		20D93D74250163B700365CB3 /* LaunchScreen.storyboard in Resources */ = {isa = PBXBuildFile; fileRef = 20D93D72250163B700365CB3 /* LaunchScreen.storyboard */; };
		20D93D7D250163E200365CB3 /* Data.swift in Sources */ = {isa = PBXBuildFile; fileRef = 20D93D7C250163E200365CB3 /* Data.swift */; };
		20D93D8225017DC700365CB3 /* taskCellViewModel.swift in Sources */ = {isa = PBXBuildFile; fileRef = 20D93D8125017DC600365CB3 /* taskCellViewModel.swift */; };
/* End PBXBuildFile section */

/* Begin PBXFileReference section */
		20D93D61250163B300365CB3 /* fireBasetoDo.app */ = {isa = PBXFileReference; explicitFileType = wrapper.application; includeInIndex = 0; path = fireBasetoDo.app; sourceTree = BUILT_PRODUCTS_DIR; };
		20D93D64250163B300365CB3 /* AppDelegate.swift */ = {isa = PBXFileReference; lastKnownFileType = sourcecode.swift; path = AppDelegate.swift; sourceTree = "<group>"; };
		20D93D66250163B300365CB3 /* SceneDelegate.swift */ = {isa = PBXFileReference; lastKnownFileType = sourcecode.swift; path = SceneDelegate.swift; sourceTree = "<group>"; };
		20D93D69250163B300365CB3 /* fireBasetoDo.xcdatamodel */ = {isa = PBXFileReference; lastKnownFileType = wrapper.xcdatamodel; path = fireBasetoDo.xcdatamodel; sourceTree = "<group>"; };
		20D93D6B250163B300365CB3 /* ContentView.swift */ = {isa = PBXFileReference; lastKnownFileType = sourcecode.swift; path = ContentView.swift; sourceTree = "<group>"; };
		20D93D6D250163B700365CB3 /* Assets.xcassets */ = {isa = PBXFileReference; lastKnownFileType = folder.assetcatalog; path = Assets.xcassets; sourceTree = "<group>"; };
		20D93D70250163B700365CB3 /* Preview Assets.xcassets */ = {isa = PBXFileReference; lastKnownFileType = folder.assetcatalog; path = "Preview Assets.xcassets"; sourceTree = "<group>"; };
		20D93D73250163B700365CB3 /* Base */ = {isa = PBXFileReference; lastKnownFileType = file.storyboard; name = Base; path = Base.lproj/LaunchScreen.storyboard; sourceTree = "<group>"; };
		20D93D75250163B700365CB3 /* Info.plist */ = {isa = PBXFileReference; lastKnownFileType = text.plist.xml; path = Info.plist; sourceTree = "<group>"; };
		20D93D7C250163E200365CB3 /* Data.swift */ = {isa = PBXFileReference; lastKnownFileType = sourcecode.swift; path = Data.swift; sourceTree = "<group>"; };
		20D93D8125017DC600365CB3 /* taskCellViewModel.swift */ = {isa = PBXFileReference; lastKnownFileType = sourcecode.swift; path = taskCellViewModel.swift; sourceTree = "<group>"; };
/* End PBXFileReference section */

/* Begin PBXFrameworksBuildPhase section */
		20D93D5E250163B300365CB3 /* Frameworks */ = {
			isa = PBXFrameworksBuildPhase;
			buildActionMask = 2147483647;
			files = (
			);
			runOnlyForDeploymentPostprocessing = 0;
		};
/* End PBXFrameworksBuildPhase section */

/* Begin PBXGroup section */
		20D93D58250163B300365CB3 = {
			isa = PBXGroup;
			children = (
				20D93D63250163B300365CB3 /* fireBasetoDo */,
				20D93D62250163B300365CB3 /* Products */,
			);
			sourceTree = "<group>";
		};
		20D93D62250163B300365CB3 /* Products */ = {
			isa = PBXGroup;
			children = (
				20D93D61250163B300365CB3 /* fireBasetoDo.app */,
			);
			name = Products;
			sourceTree = "<group>";
		};
		20D93D63250163B300365CB3 /* fireBasetoDo */ = {
			isa = PBXGroup;
			children = (
				20D93D8025017DA400365CB3 /* View Models */,
				20D93D7B250163CB00365CB3 /* Model */,
				20D93D7E2501647600365CB3 /* App */,
				20D93D7F2501648900365CB3 /* View */,
				20D93D6D250163B700365CB3 /* Assets.xcassets */,
				20D93D72250163B700365CB3 /* LaunchScreen.storyboard */,
				20D93D75250163B700365CB3 /* Info.plist */,
				20D93D68250163B300365CB3 /* fireBasetoDo.xcdatamodeld */,
				20D93D6F250163B700365CB3 /* Preview Content */,
			);
			path = fireBasetoDo;
			sourceTree = "<group>";
		};
		20D93D6F250163B700365CB3 /* Preview Content */ = {
			isa = PBXGroup;
			children = (
				20D93D70250163B700365CB3 /* Preview Assets.xcassets */,
			);
			path = "Preview Content";
			sourceTree = "<group>";
		};
		20D93D7B250163CB00365CB3 /* Model */ = {
			isa = PBXGroup;
			children = (
				20D93D7C250163E200365CB3 /* Data.swift */,
			);
			path = Model;
			sourceTree = "<group>";
		};
		20D93D7E2501647600365CB3 /* App */ = {
			isa = PBXGroup;
			children = (
				20D93D64250163B300365CB3 /* AppDelegate.swift */,
				20D93D66250163B300365CB3 /* SceneDelegate.swift */,
			);
			path = App;
			sourceTree = "<group>";
		};
		20D93D7F2501648900365CB3 /* View */ = {
			isa = PBXGroup;
			children = (
				20D93D6B250163B300365CB3 /* ContentView.swift */,
			);
			path = View;
			sourceTree = "<group>";
		};
		20D93D8025017DA400365CB3 /* View Models */ = {
			isa = PBXGroup;
			children = (
				20D93D8125017DC600365CB3 /* taskCellViewModel.swift */,
			);
			path = "View Models";
			sourceTree = "<group>";
		};
/* End PBXGroup section */

/* Begin PBXNativeTarget section */
		20D93D60250163B300365CB3 /* fireBasetoDo */ = {
			isa = PBXNativeTarget;
			buildConfigurationList = 20D93D78250163B700365CB3 /* Build configuration list for PBXNativeTarget "fireBasetoDo" */;
			buildPhases = (
				20D93D5D250163B300365CB3 /* Sources */,
				20D93D5E250163B300365CB3 /* Frameworks */,
				20D93D5F250163B300365CB3 /* Resources */,
			);
			buildRules = (
			);
			dependencies = (
			);
			name = fireBasetoDo;
			productName = fireBasetoDo;
			productReference = 20D93D61250163B300365CB3 /* fireBasetoDo.app */;
			productType = "com.apple.product-type.application";
		};
/* End PBXNativeTarget section */

/* Begin PBXProject section */
		20D93D59250163B300365CB3 /* Project object */ = {
			isa = PBXProject;
			attributes = {
				LastSwiftUpdateCheck = 1170;
				LastUpgradeCheck = 1170;
				ORGANIZATIONNAME = "Umang Kumar";
				TargetAttributes = {
					20D93D60250163B300365CB3 = {
						CreatedOnToolsVersion = 11.7;
					};
				};
			};
			buildConfigurationList = 20D93D5C250163B300365CB3 /* Build configuration list for PBXProject "fireBasetoDo" */;
			compatibilityVersion = "Xcode 9.3";
			developmentRegion = en;
			hasScannedForEncodings = 0;
			knownRegions = (
				en,
				Base,
			);
			mainGroup = 20D93D58250163B300365CB3;
			productRefGroup = 20D93D62250163B300365CB3 /* Products */;
			projectDirPath = "";
			projectRoot = "";
			targets = (
				20D93D60250163B300365CB3 /* fireBasetoDo */,
			);
		};
/* End PBXProject section */

/* Begin PBXResourcesBuildPhase section */
		20D93D5F250163B300365CB3 /* Resources */ = {
			isa = PBXResourcesBuildPhase;
			buildActionMask = 2147483647;
			files = (
				20D93D74250163B700365CB3 /* LaunchScreen.storyboard in Resources */,
				20D93D71250163B700365CB3 /* Preview Assets.xcassets in Resources */,
				20D93D6E250163B700365CB3 /* Assets.xcassets in Resources */,
			);
			runOnlyForDeploymentPostprocessing = 0;
		};
/* End PBXResourcesBuildPhase section */

/* Begin PBXSourcesBuildPhase section */
		20D93D5D250163B300365CB3 /* Sources */ = {
			isa = PBXSourcesBuildPhase;
			buildActionMask = 2147483647;
			files = (
				20D93D6A250163B300365CB3 /* fireBasetoDo.xcdatamodeld in Sources */,
				20D93D8225017DC700365CB3 /* taskCellViewModel.swift in Sources */,
				20D93D7D250163E200365CB3 /* Data.swift in Sources */,
				20D93D65250163B300365CB3 /* AppDelegate.swift in Sources */,
				20D93D6C250163B300365CB3 /* ContentView.swift in Sources */,
				20D93D67250163B300365CB3 /* SceneDelegate.swift in Sources */,
			);
			runOnlyForDeploymentPostprocessing = 0;
		};
/* End PBXSourcesBuildPhase section */

/* Begin PBXVariantGroup section */
		20D93D72250163B700365CB3 /* LaunchScreen.storyboard */ = {
			isa = PBXVariantGroup;
			children = (
				20D93D73250163B700365CB3 /* Base */,
			);
			name = LaunchScreen.storyboard;
			sourceTree = "<group>";
		};
/* End PBXVariantGroup section */

/* Begin XCBuildConfiguration section */
		20D93D76250163B700365CB3 /* Debug */ = {
			isa = XCBuildConfiguration;
			buildSettings = {
				ALWAYS_SEARCH_USER_PATHS = NO;
				CLANG_ANALYZER_NONNULL = YES;
				CLANG_ANALYZER_NUMBER_OBJECT_CONVERSION = YES_AGGRESSIVE;
				CLANG_CXX_LANGUAGE_STANDARD = "gnu++14";
				CLANG_CXX_LIBRARY = "libc++";
				CLANG_ENABLE_MODULES = YES;
				CLANG_ENABLE_OBJC_ARC = YES;
				CLANG_ENABLE_OBJC_WEAK = YES;
				CLANG_WARN_BLOCK_CAPTURE_AUTORELEASING = YES;
				CLANG_WARN_BOOL_CONVERSION = YES;
				CLANG_WARN_COMMA = YES;
				CLANG_WARN_CONSTANT_CONVERSION = YES;
				CLANG_WARN_DEPRECATED_OBJC_IMPLEMENTATIONS = YES;
				CLANG_WARN_DIRECT_OBJC_ISA_USAGE = YES_ERROR;
				CLANG_WARN_DOCUMENTATION_COMMENTS = YES;
				CLANG_WARN_EMPTY_BODY = YES;
				CLANG_WARN_ENUM_CONVERSION = YES;
				CLANG_WARN_INFINITE_RECURSION = YES;
				CLANG_WARN_INT_CONVERSION = YES;
				CLANG_WARN_NON_LITERAL_NULL_CONVERSION = YES;
				CLANG_WARN_OBJC_IMPLICIT_RETAIN_SELF = YES;
				CLANG_WARN_OBJC_LITERAL_CONVERSION = YES;
				CLANG_WARN_OBJC_ROOT_CLASS = YES_ERROR;
				CLANG_WARN_RANGE_LOOP_ANALYSIS = YES;
				CLANG_WARN_STRICT_PROTOTYPES = YES;
				CLANG_WARN_SUSPICIOUS_MOVE = YES;
				CLANG_WARN_UNGUARDED_AVAILABILITY = YES_AGGRESSIVE;
				CLANG_WARN_UNREACHABLE_CODE = YES;
				CLANG_WARN__DUPLICATE_METHOD_MATCH = YES;
				COPY_PHASE_STRIP = NO;
				DEBUG_INFORMATION_FORMAT = dwarf;
				ENABLE_STRICT_OBJC_MSGSEND = YES;
				ENABLE_TESTABILITY = YES;
				GCC_C_LANGUAGE_STANDARD = gnu11;
				GCC_DYNAMIC_NO_PIC = NO;
				GCC_NO_COMMON_BLOCKS = YES;
				GCC_OPTIMIZATION_LEVEL = 0;
				GCC_PREPROCESSOR_DEFINITIONS = (
					"DEBUG=1",
					"$(inherited)",
				);
				GCC_WARN_64_TO_32_BIT_CONVERSION = YES;
				GCC_WARN_ABOUT_RETURN_TYPE = YES_ERROR;
				GCC_WARN_UNDECLARED_SELECTOR = YES;
				GCC_WARN_UNINITIALIZED_AUTOS = YES_AGGRESSIVE;
				GCC_WARN_UNUSED_FUNCTION = YES;
				GCC_WARN_UNUSED_VARIABLE = YES;
				IPHONEOS_DEPLOYMENT_TARGET = 13.7;
				MTL_ENABLE_DEBUG_INFO = INCLUDE_SOURCE;
				MTL_FAST_MATH = YES;
				ONLY_ACTIVE_ARCH = YES;
				SDKROOT = iphoneos;
				SWIFT_ACTIVE_COMPILATION_CONDITIONS = DEBUG;
				SWIFT_OPTIMIZATION_LEVEL = "-Onone";
			};
			name = Debug;
		};
		20D93D77250163B700365CB3 /* Release */ = {
			isa = XCBuildConfiguration;
			buildSettings = {
				ALWAYS_SEARCH_USER_PATHS = NO;
				CLANG_ANALYZER_NONNULL = YES;
				CLANG_ANALYZER_NUMBER_OBJECT_CONVERSION = YES_AGGRESSIVE;
				CLANG_CXX_LANGUAGE_STANDARD = "gnu++14";
				CLANG_CXX_LIBRARY = "libc++";
				CLANG_ENABLE_MODULES = YES;
				CLANG_ENABLE_OBJC_ARC = YES;
				CLANG_ENABLE_OBJC_WEAK = YES;
				CLANG_WARN_BLOCK_CAPTURE_AUTORELEASING = YES;
				CLANG_WARN_BOOL_CONVERSION = YES;
				CLANG_WARN_COMMA = YES;
				CLANG_WARN_CONSTANT_CONVERSION = YES;
				CLANG_WARN_DEPRECATED_OBJC_IMPLEMENTATIONS = YES;
				CLANG_WARN_DIRECT_OBJC_ISA_USAGE = YES_ERROR;
				CLANG_WARN_DOCUMENTATION_COMMENTS = YES;
				CLANG_WARN_EMPTY_BODY = YES;
				CLANG_WARN_ENUM_CONVERSION = YES;
				CLANG_WARN_INFINITE_RECURSION = YES;
				CLANG_WARN_INT_CONVERSION = YES;
				CLANG_WARN_NON_LITERAL_NULL_CONVERSION = YES;
				CLANG_WARN_OBJC_IMPLICIT_RETAIN_SELF = YES;
				CLANG_WARN_OBJC_LITERAL_CONVERSION = YES;
				CLANG_WARN_OBJC_ROOT_CLASS = YES_ERROR;
				CLANG_WARN_RANGE_LOOP_ANALYSIS = YES;
				CLANG_WARN_STRICT_PROTOTYPES = YES;
				CLANG_WARN_SUSPICIOUS_MOVE = YES;
				CLANG_WARN_UNGUARDED_AVAILABILITY = YES_AGGRESSIVE;
				CLANG_WARN_UNREACHABLE_CODE = YES;
				CLANG_WARN__DUPLICATE_METHOD_MATCH = YES;
				COPY_PHASE_STRIP = NO;
				DEBUG_INFORMATION_FORMAT = "dwarf-with-dsym";
				ENABLE_NS_ASSERTIONS = NO;
				ENABLE_STRICT_OBJC_MSGSEND = YES;
				GCC_C_LANGUAGE_STANDARD = gnu11;
				GCC_NO_COMMON_BLOCKS = YES;
				GCC_WARN_64_TO_32_BIT_CONVERSION = YES;
				GCC_WARN_ABOUT_RETURN_TYPE = YES_ERROR;
				GCC_WARN_UNDECLARED_SELECTOR = YES;
				GCC_WARN_UNINITIALIZED_AUTOS = YES_AGGRESSIVE;
				GCC_WARN_UNUSED_FUNCTION = YES;
				GCC_WARN_UNUSED_VARIABLE = YES;
				IPHONEOS_DEPLOYMENT_TARGET = 13.7;
				MTL_ENABLE_DEBUG_INFO = NO;
				MTL_FAST_MATH = YES;
				SDKROOT = iphoneos;
				SWIFT_COMPILATION_MODE = wholemodule;
				SWIFT_OPTIMIZATION_LEVEL = "-O";
				VALIDATE_PRODUCT = YES;
			};
			name = Release;
		};
		20D93D79250163B700365CB3 /* Debug */ = {
			isa = XCBuildConfiguration;
			buildSettings = {
				ASSETCATALOG_COMPILER_APPICON_NAME = AppIcon;
				CODE_SIGN_STYLE = Automatic;
				DEVELOPMENT_ASSET_PATHS = "\"fireBasetoDo/Preview Content\"";
				DEVELOPMENT_TEAM = VGHV96D375;
				ENABLE_PREVIEWS = YES;
				INFOPLIST_FILE = fireBasetoDo/Info.plist;
				LD_RUNPATH_SEARCH_PATHS = (
					"$(inherited)",
					"@executable_path/Frameworks",
				);
				PRODUCT_BUNDLE_IDENTIFIER = com.Umangkumar1.fireBasetoDo;
				PRODUCT_NAME = "$(TARGET_NAME)";
				SWIFT_VERSION = 5.0;
				TARGETED_DEVICE_FAMILY = "1,2";
			};
			name = Debug;
		};
		20D93D7A250163B700365CB3 /* Release */ = {
			isa = XCBuildConfiguration;
			buildSettings = {
				ASSETCATALOG_COMPILER_APPICON_NAME = AppIcon;
				CODE_SIGN_STYLE = Automatic;
				DEVELOPMENT_ASSET_PATHS = "\"fireBasetoDo/Preview Content\"";
				DEVELOPMENT_TEAM = VGHV96D375;
				ENABLE_PREVIEWS = YES;
				INFOPLIST_FILE = fireBasetoDo/Info.plist;
				LD_RUNPATH_SEARCH_PATHS = (
					"$(inherited)",
					"@executable_path/Frameworks",
				);
				PRODUCT_BUNDLE_IDENTIFIER = com.Umangkumar1.fireBasetoDo;
				PRODUCT_NAME = "$(TARGET_NAME)";
				SWIFT_VERSION = 5.0;
				TARGETED_DEVICE_FAMILY = "1,2";
			};
			name = Release;
		};
/* End XCBuildConfiguration section */

/* Begin XCConfigurationList section */
		20D93D5C250163B300365CB3 /* Build configuration list for PBXProject "fireBasetoDo" */ = {
			isa = XCConfigurationList;
			buildConfigurations = (
				20D93D76250163B700365CB3 /* Debug */,
				20D93D77250163B700365CB3 /* Release */,
			);
			defaultConfigurationIsVisible = 0;
			defaultConfigurationName = Release;
		};
		20D93D78250163B700365CB3 /* Build configuration list for PBXNativeTarget "fireBasetoDo" */ = {
			isa = XCConfigurationList;
			buildConfigurations = (
				20D93D79250163B700365CB3 /* Debug */,
				20D93D7A250163B700365CB3 /* Release */,
			);
			defaultConfigurationIsVisible = 0;
			defaultConfigurationName = Release;
		};
/* End XCConfigurationList section */

/* Begin XCVersionGroup section */
		20D93D68250163B300365CB3 /* fireBasetoDo.xcdatamodeld */ = {
			isa = XCVersionGroup;
			children = (
				20D93D69250163B300365CB3 /* fireBasetoDo.xcdatamodel */,
			);
			currentVersion = 20D93D69250163B300365CB3 /* fireBasetoDo.xcdatamodel */;
			path = fireBasetoDo.xcdatamodeld;
			sourceTree = "<group>";
			versionGroupType = wrapper.xcdatamodel;
		};
/* End XCVersionGroup section */
	};
	rootObject = 20D93D59250163B300365CB3 /* Project object */;
}
