// !$*UTF8*$!
{
	archiveVersion = 1;
	classes = {
	};
	objectVersion = 50;
	objects = {

/* Begin PBXBuildFile section */
		2053160824DF66D9000DE315 /* AppDelegate.swift in Sources */ = {isa = PBXBuildFile; fileRef = 2053160724DF66D9000DE315 /* AppDelegate.swift */; };
		2053160A24DF66D9000DE315 /* SceneDelegate.swift in Sources */ = {isa = PBXBuildFile; fileRef = 2053160924DF66D9000DE315 /* SceneDelegate.swift */; };
		2053160D24DF66D9000DE315 /* doItOnOwn1.xcdatamodeld in Sources */ = {isa = PBXBuildFile; fileRef = 2053160B24DF66D9000DE315 /* doItOnOwn1.xcdatamodeld */; };
		2053160F24DF66D9000DE315 /* ContentView.swift in Sources */ = {isa = PBXBuildFile; fileRef = 2053160E24DF66D9000DE315 /* ContentView.swift */; };
		2053161124DF66DC000DE315 /* Assets.xcassets in Resources */ = {isa = PBXBuildFile; fileRef = 2053161024DF66DC000DE315 /* Assets.xcassets */; };
		2053161424DF66DC000DE315 /* Preview Assets.xcassets in Resources */ = {isa = PBXBuildFile; fileRef = 2053161324DF66DC000DE315 /* Preview Assets.xcassets */; };
		2053161724DF66DC000DE315 /* LaunchScreen.storyboard in Resources */ = {isa = PBXBuildFile; fileRef = 2053161524DF66DC000DE315 /* LaunchScreen.storyboard */; };
/* End PBXBuildFile section */

/* Begin PBXFileReference section */
		2053160424DF66D9000DE315 /* doItOnOwn1.app */ = {isa = PBXFileReference; explicitFileType = wrapper.application; includeInIndex = 0; path = doItOnOwn1.app; sourceTree = BUILT_PRODUCTS_DIR; };
		2053160724DF66D9000DE315 /* AppDelegate.swift */ = {isa = PBXFileReference; lastKnownFileType = sourcecode.swift; path = AppDelegate.swift; sourceTree = "<group>"; };
		2053160924DF66D9000DE315 /* SceneDelegate.swift */ = {isa = PBXFileReference; lastKnownFileType = sourcecode.swift; path = SceneDelegate.swift; sourceTree = "<group>"; };
		2053160C24DF66D9000DE315 /* doItOnOwn1.xcdatamodel */ = {isa = PBXFileReference; lastKnownFileType = wrapper.xcdatamodel; path = doItOnOwn1.xcdatamodel; sourceTree = "<group>"; };
		2053160E24DF66D9000DE315 /* ContentView.swift */ = {isa = PBXFileReference; lastKnownFileType = sourcecode.swift; path = ContentView.swift; sourceTree = "<group>"; };
		2053161024DF66DC000DE315 /* Assets.xcassets */ = {isa = PBXFileReference; lastKnownFileType = folder.assetcatalog; path = Assets.xcassets; sourceTree = "<group>"; };
		2053161324DF66DC000DE315 /* Preview Assets.xcassets */ = {isa = PBXFileReference; lastKnownFileType = folder.assetcatalog; path = "Preview Assets.xcassets"; sourceTree = "<group>"; };
		2053161624DF66DC000DE315 /* Base */ = {isa = PBXFileReference; lastKnownFileType = file.storyboard; name = Base; path = Base.lproj/LaunchScreen.storyboard; sourceTree = "<group>"; };
		2053161824DF66DC000DE315 /* Info.plist */ = {isa = PBXFileReference; lastKnownFileType = text.plist.xml; path = Info.plist; sourceTree = "<group>"; };
/* End PBXFileReference section */

/* Begin PBXFrameworksBuildPhase section */
		2053160124DF66D9000DE315 /* Frameworks */ = {
			isa = PBXFrameworksBuildPhase;
			buildActionMask = 2147483647;
			files = (
			);
			runOnlyForDeploymentPostprocessing = 0;
		};
/* End PBXFrameworksBuildPhase section */

/* Begin PBXGroup section */
		205315FB24DF66D8000DE315 = {
			isa = PBXGroup;
			children = (
				2053160624DF66D9000DE315 /* doItOnOwn1 */,
				2053160524DF66D9000DE315 /* Products */,
			);
			sourceTree = "<group>";
		};
		2053160524DF66D9000DE315 /* Products */ = {
			isa = PBXGroup;
			children = (
				2053160424DF66D9000DE315 /* doItOnOwn1.app */,
			);
			name = Products;
			sourceTree = "<group>";
		};
		2053160624DF66D9000DE315 /* doItOnOwn1 */ = {
			isa = PBXGroup;
			children = (
				2053160724DF66D9000DE315 /* AppDelegate.swift */,
				2053160924DF66D9000DE315 /* SceneDelegate.swift */,
				2053160E24DF66D9000DE315 /* ContentView.swift */,
				2053161024DF66DC000DE315 /* Assets.xcassets */,
				2053161524DF66DC000DE315 /* LaunchScreen.storyboard */,
				2053161824DF66DC000DE315 /* Info.plist */,
				2053160B24DF66D9000DE315 /* doItOnOwn1.xcdatamodeld */,
				2053161224DF66DC000DE315 /* Preview Content */,
			);
			path = doItOnOwn1;
			sourceTree = "<group>";
		};
		2053161224DF66DC000DE315 /* Preview Content */ = {
			isa = PBXGroup;
			children = (
				2053161324DF66DC000DE315 /* Preview Assets.xcassets */,
			);
			path = "Preview Content";
			sourceTree = "<group>";
		};
/* End PBXGroup section */

/* Begin PBXNativeTarget section */
		2053160324DF66D9000DE315 /* doItOnOwn1 */ = {
			isa = PBXNativeTarget;
			buildConfigurationList = 2053161B24DF66DC000DE315 /* Build configuration list for PBXNativeTarget "doItOnOwn1" */;
			buildPhases = (
				2053160024DF66D9000DE315 /* Sources */,
				2053160124DF66D9000DE315 /* Frameworks */,
				2053160224DF66D9000DE315 /* Resources */,
			);
			buildRules = (
			);
			dependencies = (
			);
			name = doItOnOwn1;
			productName = doItOnOwn1;
			productReference = 2053160424DF66D9000DE315 /* doItOnOwn1.app */;
			productType = "com.apple.product-type.application";
		};
/* End PBXNativeTarget section */

/* Begin PBXProject section */
		205315FC24DF66D8000DE315 /* Project object */ = {
			isa = PBXProject;
			attributes = {
				LastSwiftUpdateCheck = 1160;
				LastUpgradeCheck = 1160;
				ORGANIZATIONNAME = "Umang Kumar";
				TargetAttributes = {
					2053160324DF66D9000DE315 = {
						CreatedOnToolsVersion = 11.6;
					};
				};
			};
			buildConfigurationList = 205315FF24DF66D8000DE315 /* Build configuration list for PBXProject "doItOnOwn1" */;
			compatibilityVersion = "Xcode 9.3";
			developmentRegion = en;
			hasScannedForEncodings = 0;
			knownRegions = (
				en,
				Base,
			);
			mainGroup = 205315FB24DF66D8000DE315;
			productRefGroup = 2053160524DF66D9000DE315 /* Products */;
			projectDirPath = "";
			projectRoot = "";
			targets = (
				2053160324DF66D9000DE315 /* doItOnOwn1 */,
			);
		};
/* End PBXProject section */

/* Begin PBXResourcesBuildPhase section */
		2053160224DF66D9000DE315 /* Resources */ = {
			isa = PBXResourcesBuildPhase;
			buildActionMask = 2147483647;
			files = (
				2053161724DF66DC000DE315 /* LaunchScreen.storyboard in Resources */,
				2053161424DF66DC000DE315 /* Preview Assets.xcassets in Resources */,
				2053161124DF66DC000DE315 /* Assets.xcassets in Resources */,
			);
			runOnlyForDeploymentPostprocessing = 0;
		};
/* End PBXResourcesBuildPhase section */

/* Begin PBXSourcesBuildPhase section */
		2053160024DF66D9000DE315 /* Sources */ = {
			isa = PBXSourcesBuildPhase;
			buildActionMask = 2147483647;
			files = (
				2053160824DF66D9000DE315 /* AppDelegate.swift in Sources */,
				2053160A24DF66D9000DE315 /* SceneDelegate.swift in Sources */,
				2053160F24DF66D9000DE315 /* ContentView.swift in Sources */,
				2053160D24DF66D9000DE315 /* doItOnOwn1.xcdatamodeld in Sources */,
			);
			runOnlyForDeploymentPostprocessing = 0;
		};
/* End PBXSourcesBuildPhase section */

/* Begin PBXVariantGroup section */
		2053161524DF66DC000DE315 /* LaunchScreen.storyboard */ = {
			isa = PBXVariantGroup;
			children = (
				2053161624DF66DC000DE315 /* Base */,
			);
			name = LaunchScreen.storyboard;
			sourceTree = "<group>";
		};
/* End PBXVariantGroup section */

/* Begin XCBuildConfiguration section */
		2053161924DF66DC000DE315 /* Debug */ = {
			isa = XCBuildConfiguration;
			buildSettings = {
				ALWAYS_SEARCH_USER_PATHS = NO;
				CLANG_ANALYZER_NONNULL = YES;
				CLANG_ANALYZER_NUMBER_OBJECT_CONVERSION = YES_AGGRESSIVE;
				CLANG_CXX_LANGUAGE_STANDARD = "gnu++14";
				CLANG_CXX_LIBRARY = "libc++";
				CLANG_ENABLE_MODULES = YES;
				CLANG_ENABLE_OBJC_ARC = YES;
				CLANG_ENABLE_OBJC_WEAK = YES;
				CLANG_WARN_BLOCK_CAPTURE_AUTORELEASING = YES;
				CLANG_WARN_BOOL_CONVERSION = YES;
				CLANG_WARN_COMMA = YES;
				CLANG_WARN_CONSTANT_CONVERSION = YES;
				CLANG_WARN_DEPRECATED_OBJC_IMPLEMENTATIONS = YES;
				CLANG_WARN_DIRECT_OBJC_ISA_USAGE = YES_ERROR;
				CLANG_WARN_DOCUMENTATION_COMMENTS = YES;
				CLANG_WARN_EMPTY_BODY = YES;
				CLANG_WARN_ENUM_CONVERSION = YES;
				CLANG_WARN_INFINITE_RECURSION = YES;
				CLANG_WARN_INT_CONVERSION = YES;
				CLANG_WARN_NON_LITERAL_NULL_CONVERSION = YES;
				CLANG_WARN_OBJC_IMPLICIT_RETAIN_SELF = YES;
				CLANG_WARN_OBJC_LITERAL_CONVERSION = YES;
				CLANG_WARN_OBJC_ROOT_CLASS = YES_ERROR;
				CLANG_WARN_RANGE_LOOP_ANALYSIS = YES;
				CLANG_WARN_STRICT_PROTOTYPES = YES;
				CLANG_WARN_SUSPICIOUS_MOVE = YES;
				CLANG_WARN_UNGUARDED_AVAILABILITY = YES_AGGRESSIVE;
				CLANG_WARN_UNREACHABLE_CODE = YES;
				CLANG_WARN__DUPLICATE_METHOD_MATCH = YES;
				COPY_PHASE_STRIP = NO;
				DEBUG_INFORMATION_FORMAT = dwarf;
				ENABLE_STRICT_OBJC_MSGSEND = YES;
				ENABLE_TESTABILITY = YES;
				GCC_C_LANGUAGE_STANDARD = gnu11;
				GCC_DYNAMIC_NO_PIC = NO;
				GCC_NO_COMMON_BLOCKS = YES;
				GCC_OPTIMIZATION_LEVEL = 0;
				GCC_PREPROCESSOR_DEFINITIONS = (
					"DEBUG=1",
					"$(inherited)",
				);
				GCC_WARN_64_TO_32_BIT_CONVERSION = YES;
				GCC_WARN_ABOUT_RETURN_TYPE = YES_ERROR;
				GCC_WARN_UNDECLARED_SELECTOR = YES;
				GCC_WARN_UNINITIALIZED_AUTOS = YES_AGGRESSIVE;
				GCC_WARN_UNUSED_FUNCTION = YES;
				GCC_WARN_UNUSED_VARIABLE = YES;
				IPHONEOS_DEPLOYMENT_TARGET = 13.6;
				MTL_ENABLE_DEBUG_INFO = INCLUDE_SOURCE;
				MTL_FAST_MATH = YES;
				ONLY_ACTIVE_ARCH = YES;
				SDKROOT = iphoneos;
				SWIFT_ACTIVE_COMPILATION_CONDITIONS = DEBUG;
				SWIFT_OPTIMIZATION_LEVEL = "-Onone";
			};
			name = Debug;
		};
		2053161A24DF66DC000DE315 /* Release */ = {
			isa = XCBuildConfiguration;
			buildSettings = {
				ALWAYS_SEARCH_USER_PATHS = NO;
				CLANG_ANALYZER_NONNULL = YES;
				CLANG_ANALYZER_NUMBER_OBJECT_CONVERSION = YES_AGGRESSIVE;
				CLANG_CXX_LANGUAGE_STANDARD = "gnu++14";
				CLANG_CXX_LIBRARY = "libc++";
				CLANG_ENABLE_MODULES = YES;
				CLANG_ENABLE_OBJC_ARC = YES;
				CLANG_ENABLE_OBJC_WEAK = YES;
				CLANG_WARN_BLOCK_CAPTURE_AUTORELEASING = YES;
				CLANG_WARN_BOOL_CONVERSION = YES;
				CLANG_WARN_COMMA = YES;
				CLANG_WARN_CONSTANT_CONVERSION = YES;
				CLANG_WARN_DEPRECATED_OBJC_IMPLEMENTATIONS = YES;
				CLANG_WARN_DIRECT_OBJC_ISA_USAGE = YES_ERROR;
				CLANG_WARN_DOCUMENTATION_COMMENTS = YES;
				CLANG_WARN_EMPTY_BODY = YES;
				CLANG_WARN_ENUM_CONVERSION = YES;
				CLANG_WARN_INFINITE_RECURSION = YES;
				CLANG_WARN_INT_CONVERSION = YES;
				CLANG_WARN_NON_LITERAL_NULL_CONVERSION = YES;
				CLANG_WARN_OBJC_IMPLICIT_RETAIN_SELF = YES;
				CLANG_WARN_OBJC_LITERAL_CONVERSION = YES;
				CLANG_WARN_OBJC_ROOT_CLASS = YES_ERROR;
				CLANG_WARN_RANGE_LOOP_ANALYSIS = YES;
				CLANG_WARN_STRICT_PROTOTYPES = YES;
				CLANG_WARN_SUSPICIOUS_MOVE = YES;
				CLANG_WARN_UNGUARDED_AVAILABILITY = YES_AGGRESSIVE;
				CLANG_WARN_UNREACHABLE_CODE = YES;
				CLANG_WARN__DUPLICATE_METHOD_MATCH = YES;
				COPY_PHASE_STRIP = NO;
				DEBUG_INFORMATION_FORMAT = "dwarf-with-dsym";
				ENABLE_NS_ASSERTIONS = NO;
				ENABLE_STRICT_OBJC_MSGSEND = YES;
				GCC_C_LANGUAGE_STANDARD = gnu11;
				GCC_NO_COMMON_BLOCKS = YES;
				GCC_WARN_64_TO_32_BIT_CONVERSION = YES;
				GCC_WARN_ABOUT_RETURN_TYPE = YES_ERROR;
				GCC_WARN_UNDECLARED_SELECTOR = YES;
				GCC_WARN_UNINITIALIZED_AUTOS = YES_AGGRESSIVE;
				GCC_WARN_UNUSED_FUNCTION = YES;
				GCC_WARN_UNUSED_VARIABLE = YES;
				IPHONEOS_DEPLOYMENT_TARGET = 13.6;
				MTL_ENABLE_DEBUG_INFO = NO;
				MTL_FAST_MATH = YES;
				SDKROOT = iphoneos;
				SWIFT_COMPILATION_MODE = wholemodule;
				SWIFT_OPTIMIZATION_LEVEL = "-O";
				VALIDATE_PRODUCT = YES;
			};
			name = Release;
		};
		2053161C24DF66DC000DE315 /* Debug */ = {
			isa = XCBuildConfiguration;
			buildSettings = {
				ASSETCATALOG_COMPILER_APPICON_NAME = AppIcon;
				CODE_SIGN_STYLE = Automatic;
				DEVELOPMENT_ASSET_PATHS = "\"doItOnOwn1/Preview Content\"";
				DEVELOPMENT_TEAM = VGHV96D375;
				ENABLE_PREVIEWS = YES;
				INFOPLIST_FILE = doItOnOwn1/Info.plist;
				LD_RUNPATH_SEARCH_PATHS = (
					"$(inherited)",
					"@executable_path/Frameworks",
				);
				PRODUCT_BUNDLE_IDENTIFIER = com.Umangkumar1.doItOnOwn1;
				PRODUCT_NAME = "$(TARGET_NAME)";
				SWIFT_VERSION = 5.0;
				TARGETED_DEVICE_FAMILY = "1,2";
			};
			name = Debug;
		};
		2053161D24DF66DC000DE315 /* Release */ = {
			isa = XCBuildConfiguration;
			buildSettings = {
				ASSETCATALOG_COMPILER_APPICON_NAME = AppIcon;
				CODE_SIGN_STYLE = Automatic;
				DEVELOPMENT_ASSET_PATHS = "\"doItOnOwn1/Preview Content\"";
				DEVELOPMENT_TEAM = VGHV96D375;
				ENABLE_PREVIEWS = YES;
				INFOPLIST_FILE = doItOnOwn1/Info.plist;
				LD_RUNPATH_SEARCH_PATHS = (
					"$(inherited)",
					"@executable_path/Frameworks",
				);
				PRODUCT_BUNDLE_IDENTIFIER = com.Umangkumar1.doItOnOwn1;
				PRODUCT_NAME = "$(TARGET_NAME)";
				SWIFT_VERSION = 5.0;
				TARGETED_DEVICE_FAMILY = "1,2";
			};
			name = Release;
		};
/* End XCBuildConfiguration section */

/* Begin XCConfigurationList section */
		205315FF24DF66D8000DE315 /* Build configuration list for PBXProject "doItOnOwn1" */ = {
			isa = XCConfigurationList;
			buildConfigurations = (
				2053161924DF66DC000DE315 /* Debug */,
				2053161A24DF66DC000DE315 /* Release */,
			);
			defaultConfigurationIsVisible = 0;
			defaultConfigurationName = Release;
		};
		2053161B24DF66DC000DE315 /* Build configuration list for PBXNativeTarget "doItOnOwn1" */ = {
			isa = XCConfigurationList;
			buildConfigurations = (
				2053161C24DF66DC000DE315 /* Debug */,
				2053161D24DF66DC000DE315 /* Release */,
			);
			defaultConfigurationIsVisible = 0;
			defaultConfigurationName = Release;
		};
/* End XCConfigurationList section */

/* Begin XCVersionGroup section */
		2053160B24DF66D9000DE315 /* doItOnOwn1.xcdatamodeld */ = {
			isa = XCVersionGroup;
			children = (
				2053160C24DF66D9000DE315 /* doItOnOwn1.xcdatamodel */,
			);
			currentVersion = 2053160C24DF66D9000DE315 /* doItOnOwn1.xcdatamodel */;
			path = doItOnOwn1.xcdatamodeld;
			sourceTree = "<group>";
			versionGroupType = wrapper.xcdatamodel;
		};
/* End XCVersionGroup section */
	};
	rootObject = 205315FC24DF66D8000DE315 /* Project object */;
}
